
Microsoft Visual Studio Solution File, Format Version 12.00
# Visual Studio Version 17
VisualStudioVersion = 17.8.34525.116
MinimumVisualStudioVersion = 10.0.40219.1
Project("{FAE04EC0-301F-11D3-BF4B-00C04F79EFBC}") = "LibraryCRM", "LibraryCRM.csproj", "{17D62811-28C9-4F0F-B117-CCB6DBB7A96E}"
EndProject
Global
	GlobalSection(SolutionConfigurationPlatforms) = preSolution
		Debug|Any CPU = Debug|Any CPU
		Release|Any CPU = Release|Any CPU
	EndGlobalSection
	GlobalSection(ProjectConfigurationPlatforms) = postSolution
		{17D62811-28C9-4F0F-B117-CCB6DBB7A96E}.Debug|Any CPU.ActiveCfg = Debug|Any CPU
		{17D62811-28C9-4F0F-B117-CCB6DBB7A96E}.Debug|Any CPU.Build.0 = Debug|Any CPU
		{17D62811-28C9-4F0F-B117-CCB6DBB7A96E}.Release|Any CPU.ActiveCfg = Release|Any CPU
		{17D62811-28C9-4F0F-B117-CCB6DBB7A96E}.Release|Any CPU.Build.0 = Release|Any CPU
	EndGlobalSection
	GlobalSection(SolutionProperties) = preSolution
		HideSolutionNode = FALSE
	EndGlobalSection
	GlobalSection(ExtensibilityGlobals) = postSolution
		SolutionGuid = {100238C3-3880-43AF-8D77-3DED56948CA5}
	EndGlobalSection
EndGlobal
